
Microsoft Visual Studio Solution File, Format Version 12.00
# Visual Studio Version 16
VisualStudioVersion = 16.0.31205.134
MinimumVisualStudioVersion = 10.0.40219.1
Project("{FAE04EC0-301F-11D3-BF4B-00C04F79EFBC}") = "HomeoCare", "HomeoCare\HomeoCare.csproj", "{A2B202B3-A363-4BE3-BA42-713F0FB16F2A}"
EndProject
Global
	GlobalSection(SolutionConfigurationPlatforms) = preSolution
		Debug|Any CPU = Debug|Any CPU
		Release|Any CPU = Release|Any CPU
	EndGlobalSection
	GlobalSection(ProjectConfigurationPlatforms) = postSolution
		{A2B202B3-A363-4BE3-BA42-713F0FB16F2A}.Debug|Any CPU.ActiveCfg = Debug|Any CPU
		{A2B202B3-A363-4BE3-BA42-713F0FB16F2A}.Debug|Any CPU.Build.0 = Debug|Any CPU
		{A2B202B3-A363-4BE3-BA42-713F0FB16F2A}.Release|Any CPU.ActiveCfg = Release|Any CPU
		{A2B202B3-A363-4BE3-BA42-713F0FB16F2A}.Release|Any CPU.Build.0 = Release|Any CPU
	EndGlobalSection
	GlobalSection(SolutionProperties) = preSolution
		HideSolutionNode = FALSE
	EndGlobalSection
	GlobalSection(ExtensibilityGlobals) = postSolution
		SolutionGuid = {2197925D-AD39-4311-B0F8-CA499A2A1DD2}
	EndGlobalSection
EndGlobal
